
Microsoft Visual Studio Solution File, Format Version 12.00
# Visual Studio Version 17
VisualStudioVersion = 17.11.35219.272
MinimumVisualStudioVersion = 10.0.40219.1
Project("{FAE04EC0-301F-11D3-BF4B-00C04F79EFBC}") = "ConsoleApp20", "ConsoleApp20.csproj", "{75594C05-D6ED-495A-BCC9-08C3CC0EB384}"
EndProject
Global
	GlobalSection(SolutionConfigurationPlatforms) = preSolution
		Debug|Any CPU = Debug|Any CPU
		Release|Any CPU = Release|Any CPU
	EndGlobalSection
	GlobalSection(ProjectConfigurationPlatforms) = postSolution
		{75594C05-D6ED-495A-BCC9-08C3CC0EB384}.Debug|Any CPU.ActiveCfg = Debug|Any CPU
		{75594C05-D6ED-495A-BCC9-08C3CC0EB384}.Debug|Any CPU.Build.0 = Debug|Any CPU
		{75594C05-D6ED-495A-BCC9-08C3CC0EB384}.Release|Any CPU.ActiveCfg = Release|Any CPU
		{75594C05-D6ED-495A-BCC9-08C3CC0EB384}.Release|Any CPU.Build.0 = Release|Any CPU
	EndGlobalSection
	GlobalSection(SolutionProperties) = preSolution
		HideSolutionNode = FALSE
	EndGlobalSection
	GlobalSection(ExtensibilityGlobals) = postSolution
		SolutionGuid = {EA8B2D57-70C7-4921-9C0F-0F980F86C886}
	EndGlobalSection
EndGlobal
